// !$*UTF8*$!
{
	archiveVersion = 1;
	classes = {
	};
	objectVersion = 46;
	objects = {

/* Begin PBXBuildFile section */
		159F0D301979EC05007930AF /* logInViewController.m in Sources */ = {isa = PBXBuildFile; fileRef = 159F0D2E1979EC05007930AF /* logInViewController.m */; };
		159F0D311979EC05007930AF /* logInViewController.xib in Resources */ = {isa = PBXBuildFile; fileRef = 159F0D2F1979EC05007930AF /* logInViewController.xib */; };
		159F0D351979EC28007930AF /* myGroupsViewController.m in Sources */ = {isa = PBXBuildFile; fileRef = 159F0D331979EC28007930AF /* myGroupsViewController.m */; };
		159F0D361979EC28007930AF /* myGroupsViewController.xib in Resources */ = {isa = PBXBuildFile; fileRef = 159F0D341979EC28007930AF /* myGroupsViewController.xib */; };
		159F0D3A1979EC3B007930AF /* addGroupsViewController.m in Sources */ = {isa = PBXBuildFile; fileRef = 159F0D381979EC3B007930AF /* addGroupsViewController.m */; };
		159F0D3B1979EC3B007930AF /* addGroupsViewController.xib in Resources */ = {isa = PBXBuildFile; fileRef = 159F0D391979EC3B007930AF /* addGroupsViewController.xib */; };
		159F0D3F1979EC56007930AF /* groupDetalisViewController.m in Sources */ = {isa = PBXBuildFile; fileRef = 159F0D3D1979EC56007930AF /* groupDetalisViewController.m */; };
		159F0D401979EC56007930AF /* groupDetalisViewController.xib in Resources */ = {isa = PBXBuildFile; fileRef = 159F0D3E1979EC56007930AF /* groupDetalisViewController.xib */; };
		159F0D441979EC6C007930AF /* topicDetailsViewController.m in Sources */ = {isa = PBXBuildFile; fileRef = 159F0D421979EC6C007930AF /* topicDetailsViewController.m */; };
		159F0D451979EC6C007930AF /* topicDetailsViewController.xib in Resources */ = {isa = PBXBuildFile; fileRef = 159F0D431979EC6C007930AF /* topicDetailsViewController.xib */; };
		159F0D491979F41C007930AF /* myGroupTableViewCell.m in Sources */ = {isa = PBXBuildFile; fileRef = 159F0D471979F41C007930AF /* myGroupTableViewCell.m */; };
		159F0D4A1979F41C007930AF /* myGroupTableViewCell.xib in Resources */ = {isa = PBXBuildFile; fileRef = 159F0D481979F41C007930AF /* myGroupTableViewCell.xib */; };
		159F0D4E1979F433007930AF /* addGroupTableViewCell.m in Sources */ = {isa = PBXBuildFile; fileRef = 159F0D4C1979F433007930AF /* addGroupTableViewCell.m */; };
		159F0D4F1979F433007930AF /* addGroupTableViewCell.xib in Resources */ = {isa = PBXBuildFile; fileRef = 159F0D4D1979F433007930AF /* addGroupTableViewCell.xib */; };
		3F0AEDDE197F96EF00863B1E /* FlickrGroupClient.m in Sources */ = {isa = PBXBuildFile; fileRef = 3F0AEDDD197F96EF00863B1E /* FlickrGroupClient.m */; };
		6F648BBC197C863A0005C27C /* groupDetailsTableViewCell.m in Sources */ = {isa = PBXBuildFile; fileRef = 6F648BBA197C863A0005C27C /* groupDetailsTableViewCell.m */; };
		6F648BBD197C863A0005C27C /* groupDetailsTableViewCell.xib in Resources */ = {isa = PBXBuildFile; fileRef = 6F648BBB197C863A0005C27C /* groupDetailsTableViewCell.xib */; };
		6FE80DDF19787C5900CAB00E /* Foundation.framework in Frameworks */ = {isa = PBXBuildFile; fileRef = 6FE80DDE19787C5900CAB00E /* Foundation.framework */; };
		6FE80DE119787C5900CAB00E /* CoreGraphics.framework in Frameworks */ = {isa = PBXBuildFile; fileRef = 6FE80DE019787C5900CAB00E /* CoreGraphics.framework */; };
		6FE80DE319787C5900CAB00E /* UIKit.framework in Frameworks */ = {isa = PBXBuildFile; fileRef = 6FE80DE219787C5900CAB00E /* UIKit.framework */; };
		6FE80DE919787C5900CAB00E /* InfoPlist.strings in Resources */ = {isa = PBXBuildFile; fileRef = 6FE80DE719787C5900CAB00E /* InfoPlist.strings */; };
		6FE80DEB19787C5900CAB00E /* main.m in Sources */ = {isa = PBXBuildFile; fileRef = 6FE80DEA19787C5900CAB00E /* main.m */; };
		6FE80DEF19787C5900CAB00E /* AppDelegate.m in Sources */ = {isa = PBXBuildFile; fileRef = 6FE80DEE19787C5900CAB00E /* AppDelegate.m */; };
		6FE80DF119787C5900CAB00E /* Images.xcassets in Resources */ = {isa = PBXBuildFile; fileRef = 6FE80DF019787C5900CAB00E /* Images.xcassets */; };
		6FE80DF819787C5900CAB00E /* XCTest.framework in Frameworks */ = {isa = PBXBuildFile; fileRef = 6FE80DF719787C5900CAB00E /* XCTest.framework */; };
		6FE80DF919787C5900CAB00E /* Foundation.framework in Frameworks */ = {isa = PBXBuildFile; fileRef = 6FE80DDE19787C5900CAB00E /* Foundation.framework */; };
		6FE80DFA19787C5900CAB00E /* UIKit.framework in Frameworks */ = {isa = PBXBuildFile; fileRef = 6FE80DE219787C5900CAB00E /* UIKit.framework */; };
		6FE80E0219787C5900CAB00E /* InfoPlist.strings in Resources */ = {isa = PBXBuildFile; fileRef = 6FE80E0019787C5900CAB00E /* InfoPlist.strings */; };
		6FE80E0419787C5900CAB00E /* ios_flickr_groupTests.m in Sources */ = {isa = PBXBuildFile; fileRef = 6FE80E0319787C5900CAB00E /* ios_flickr_groupTests.m */; };
		FBAA4616E4C14BDC930F22B1 /* libPods.a in Frameworks */ = {isa = PBXBuildFile; fileRef = EA19FFBA59A5497288823F2B /* libPods.a */; };
/* End PBXBuildFile section */

/* Begin PBXContainerItemProxy section */
		6FE80DFB19787C5900CAB00E /* PBXContainerItemProxy */ = {
			isa = PBXContainerItemProxy;
			containerPortal = 6FE80DD319787C5900CAB00E /* Project object */;
			proxyType = 1;
			remoteGlobalIDString = 6FE80DDA19787C5900CAB00E;
			remoteInfo = ios_flickr_group;
		};
/* End PBXContainerItemProxy section */

/* Begin PBXFileReference section */
		159F0D2D1979EC05007930AF /* logInViewController.h */ = {isa = PBXFileReference; fileEncoding = 4; lastKnownFileType = sourcecode.c.h; path = logInViewController.h; sourceTree = "<group>"; };
		159F0D2E1979EC05007930AF /* logInViewController.m */ = {isa = PBXFileReference; fileEncoding = 4; lastKnownFileType = sourcecode.c.objc; path = logInViewController.m; sourceTree = "<group>"; };
		159F0D2F1979EC05007930AF /* logInViewController.xib */ = {isa = PBXFileReference; fileEncoding = 4; lastKnownFileType = file.xib; path = logInViewController.xib; sourceTree = "<group>"; };
		159F0D321979EC28007930AF /* myGroupsViewController.h */ = {isa = PBXFileReference; fileEncoding = 4; lastKnownFileType = sourcecode.c.h; path = myGroupsViewController.h; sourceTree = "<group>"; };
		159F0D331979EC28007930AF /* myGroupsViewController.m */ = {isa = PBXFileReference; fileEncoding = 4; lastKnownFileType = sourcecode.c.objc; path = myGroupsViewController.m; sourceTree = "<group>"; };
		159F0D341979EC28007930AF /* myGroupsViewController.xib */ = {isa = PBXFileReference; fileEncoding = 4; lastKnownFileType = file.xib; path = myGroupsViewController.xib; sourceTree = "<group>"; };
		159F0D371979EC3B007930AF /* addGroupsViewController.h */ = {isa = PBXFileReference; fileEncoding = 4; lastKnownFileType = sourcecode.c.h; path = addGroupsViewController.h; sourceTree = "<group>"; };
		159F0D381979EC3B007930AF /* addGroupsViewController.m */ = {isa = PBXFileReference; fileEncoding = 4; lastKnownFileType = sourcecode.c.objc; path = addGroupsViewController.m; sourceTree = "<group>"; };
		159F0D391979EC3B007930AF /* addGroupsViewController.xib */ = {isa = PBXFileReference; fileEncoding = 4; lastKnownFileType = file.xib; path = addGroupsViewController.xib; sourceTree = "<group>"; };
		159F0D3C1979EC56007930AF /* groupDetalisViewController.h */ = {isa = PBXFileReference; fileEncoding = 4; lastKnownFileType = sourcecode.c.h; path = groupDetalisViewController.h; sourceTree = "<group>"; };
		159F0D3D1979EC56007930AF /* groupDetalisViewController.m */ = {isa = PBXFileReference; fileEncoding = 4; lastKnownFileType = sourcecode.c.objc; path = groupDetalisViewController.m; sourceTree = "<group>"; };
		159F0D3E1979EC56007930AF /* groupDetalisViewController.xib */ = {isa = PBXFileReference; fileEncoding = 4; lastKnownFileType = file.xib; path = groupDetalisViewController.xib; sourceTree = "<group>"; };
		159F0D411979EC6C007930AF /* topicDetailsViewController.h */ = {isa = PBXFileReference; fileEncoding = 4; lastKnownFileType = sourcecode.c.h; path = topicDetailsViewController.h; sourceTree = "<group>"; };
		159F0D421979EC6C007930AF /* topicDetailsViewController.m */ = {isa = PBXFileReference; fileEncoding = 4; lastKnownFileType = sourcecode.c.objc; path = topicDetailsViewController.m; sourceTree = "<group>"; };
		159F0D431979EC6C007930AF /* topicDetailsViewController.xib */ = {isa = PBXFileReference; fileEncoding = 4; lastKnownFileType = file.xib; path = topicDetailsViewController.xib; sourceTree = "<group>"; };
		159F0D461979F41C007930AF /* myGroupTableViewCell.h */ = {isa = PBXFileReference; fileEncoding = 4; lastKnownFileType = sourcecode.c.h; path = myGroupTableViewCell.h; sourceTree = "<group>"; };
		159F0D471979F41C007930AF /* myGroupTableViewCell.m */ = {isa = PBXFileReference; fileEncoding = 4; lastKnownFileType = sourcecode.c.objc; path = myGroupTableViewCell.m; sourceTree = "<group>"; };
		159F0D481979F41C007930AF /* myGroupTableViewCell.xib */ = {isa = PBXFileReference; fileEncoding = 4; lastKnownFileType = file.xib; path = myGroupTableViewCell.xib; sourceTree = "<group>"; };
		159F0D4B1979F433007930AF /* addGroupTableViewCell.h */ = {isa = PBXFileReference; fileEncoding = 4; lastKnownFileType = sourcecode.c.h; path = addGroupTableViewCell.h; sourceTree = "<group>"; };
		159F0D4C1979F433007930AF /* addGroupTableViewCell.m */ = {isa = PBXFileReference; fileEncoding = 4; lastKnownFileType = sourcecode.c.objc; path = addGroupTableViewCell.m; sourceTree = "<group>"; };
		159F0D4D1979F433007930AF /* addGroupTableViewCell.xib */ = {isa = PBXFileReference; fileEncoding = 4; lastKnownFileType = file.xib; path = addGroupTableViewCell.xib; sourceTree = "<group>"; };
		3F0AEDDC197F96EF00863B1E /* FlickrGroupClient.h */ = {isa = PBXFileReference; fileEncoding = 4; lastKnownFileType = sourcecode.c.h; path = FlickrGroupClient.h; sourceTree = "<group>"; };
		3F0AEDDD197F96EF00863B1E /* FlickrGroupClient.m */ = {isa = PBXFileReference; fileEncoding = 4; lastKnownFileType = sourcecode.c.objc; path = FlickrGroupClient.m; sourceTree = "<group>"; };
		6AEDD92094C64653849D7E00 /* Pods.xcconfig */ = {isa = PBXFileReference; includeInIndex = 1; lastKnownFileType = text.xcconfig; name = Pods.xcconfig; path = Pods/Pods.xcconfig; sourceTree = "<group>"; };
		6F648BB9197C863A0005C27C /* groupDetailsTableViewCell.h */ = {isa = PBXFileReference; fileEncoding = 4; lastKnownFileType = sourcecode.c.h; path = groupDetailsTableViewCell.h; sourceTree = "<group>"; };
		6F648BBA197C863A0005C27C /* groupDetailsTableViewCell.m */ = {isa = PBXFileReference; fileEncoding = 4; lastKnownFileType = sourcecode.c.objc; path = groupDetailsTableViewCell.m; sourceTree = "<group>"; };
		6F648BBB197C863A0005C27C /* groupDetailsTableViewCell.xib */ = {isa = PBXFileReference; fileEncoding = 4; lastKnownFileType = file.xib; path = groupDetailsTableViewCell.xib; sourceTree = "<group>"; };
		6FE80DDB19787C5900CAB00E /* ios_flickr_group.app */ = {isa = PBXFileReference; explicitFileType = wrapper.application; includeInIndex = 0; path = ios_flickr_group.app; sourceTree = BUILT_PRODUCTS_DIR; };
		6FE80DDE19787C5900CAB00E /* Foundation.framework */ = {isa = PBXFileReference; lastKnownFileType = wrapper.framework; name = Foundation.framework; path = System/Library/Frameworks/Foundation.framework; sourceTree = SDKROOT; };
		6FE80DE019787C5900CAB00E /* CoreGraphics.framework */ = {isa = PBXFileReference; lastKnownFileType = wrapper.framework; name = CoreGraphics.framework; path = System/Library/Frameworks/CoreGraphics.framework; sourceTree = SDKROOT; };
		6FE80DE219787C5900CAB00E /* UIKit.framework */ = {isa = PBXFileReference; lastKnownFileType = wrapper.framework; name = UIKit.framework; path = System/Library/Frameworks/UIKit.framework; sourceTree = SDKROOT; };
		6FE80DE619787C5900CAB00E /* ios_flickr_group-Info.plist */ = {isa = PBXFileReference; lastKnownFileType = text.plist.xml; path = "ios_flickr_group-Info.plist"; sourceTree = "<group>"; };
		6FE80DE819787C5900CAB00E /* en */ = {isa = PBXFileReference; lastKnownFileType = text.plist.strings; name = en; path = en.lproj/InfoPlist.strings; sourceTree = "<group>"; };
		6FE80DEA19787C5900CAB00E /* main.m */ = {isa = PBXFileReference; lastKnownFileType = sourcecode.c.objc; path = main.m; sourceTree = "<group>"; };
		6FE80DEC19787C5900CAB00E /* ios_flickr_group-Prefix.pch */ = {isa = PBXFileReference; lastKnownFileType = sourcecode.c.h; path = "ios_flickr_group-Prefix.pch"; sourceTree = "<group>"; };
		6FE80DED19787C5900CAB00E /* AppDelegate.h */ = {isa = PBXFileReference; lastKnownFileType = sourcecode.c.h; path = AppDelegate.h; sourceTree = "<group>"; };
		6FE80DEE19787C5900CAB00E /* AppDelegate.m */ = {isa = PBXFileReference; lastKnownFileType = sourcecode.c.objc; path = AppDelegate.m; sourceTree = "<group>"; };
		6FE80DF019787C5900CAB00E /* Images.xcassets */ = {isa = PBXFileReference; lastKnownFileType = folder.assetcatalog; path = Images.xcassets; sourceTree = "<group>"; };
		6FE80DF619787C5900CAB00E /* ios_flickr_groupTests.xctest */ = {isa = PBXFileReference; explicitFileType = wrapper.cfbundle; includeInIndex = 0; path = ios_flickr_groupTests.xctest; sourceTree = BUILT_PRODUCTS_DIR; };
		6FE80DF719787C5900CAB00E /* XCTest.framework */ = {isa = PBXFileReference; lastKnownFileType = wrapper.framework; name = XCTest.framework; path = Library/Frameworks/XCTest.framework; sourceTree = DEVELOPER_DIR; };
		6FE80DFF19787C5900CAB00E /* ios_flickr_groupTests-Info.plist */ = {isa = PBXFileReference; lastKnownFileType = text.plist.xml; path = "ios_flickr_groupTests-Info.plist"; sourceTree = "<group>"; };
		6FE80E0119787C5900CAB00E /* en */ = {isa = PBXFileReference; lastKnownFileType = text.plist.strings; name = en; path = en.lproj/InfoPlist.strings; sourceTree = "<group>"; };
		6FE80E0319787C5900CAB00E /* ios_flickr_groupTests.m */ = {isa = PBXFileReference; lastKnownFileType = sourcecode.c.objc; path = ios_flickr_groupTests.m; sourceTree = "<group>"; };
		EA19FFBA59A5497288823F2B /* libPods.a */ = {isa = PBXFileReference; explicitFileType = archive.ar; includeInIndex = 0; path = libPods.a; sourceTree = BUILT_PRODUCTS_DIR; };
/* End PBXFileReference section */

/* Begin PBXFrameworksBuildPhase section */
		6FE80DD819787C5900CAB00E /* Frameworks */ = {
			isa = PBXFrameworksBuildPhase;
			buildActionMask = 2147483647;
			files = (
				6FE80DE119787C5900CAB00E /* CoreGraphics.framework in Frameworks */,
				6FE80DE319787C5900CAB00E /* UIKit.framework in Frameworks */,
				6FE80DDF19787C5900CAB00E /* Foundation.framework in Frameworks */,
				FBAA4616E4C14BDC930F22B1 /* libPods.a in Frameworks */,
			);
			runOnlyForDeploymentPostprocessing = 0;
		};
		6FE80DF319787C5900CAB00E /* Frameworks */ = {
			isa = PBXFrameworksBuildPhase;
			buildActionMask = 2147483647;
			files = (
				6FE80DF819787C5900CAB00E /* XCTest.framework in Frameworks */,
				6FE80DFA19787C5900CAB00E /* UIKit.framework in Frameworks */,
				6FE80DF919787C5900CAB00E /* Foundation.framework in Frameworks */,
			);
			runOnlyForDeploymentPostprocessing = 0;
		};
/* End PBXFrameworksBuildPhase section */

/* Begin PBXGroup section */
		3F0AEDDB197F93F800863B1E /* Utils */ = {
			isa = PBXGroup;
			children = (
				3F0AEDDC197F96EF00863B1E /* FlickrGroupClient.h */,
				3F0AEDDD197F96EF00863B1E /* FlickrGroupClient.m */,
			);
			name = Utils;
			sourceTree = "<group>";
		};
		6FE80DD219787C5900CAB00E = {
			isa = PBXGroup;
			children = (
				6FE80DE419787C5900CAB00E /* ios_flickr_group */,
				6FE80DFD19787C5900CAB00E /* ios_flickr_groupTests */,
				6FE80DDD19787C5900CAB00E /* Frameworks */,
				6FE80DDC19787C5900CAB00E /* Products */,
				6AEDD92094C64653849D7E00 /* Pods.xcconfig */,
			);
			sourceTree = "<group>";
		};
		6FE80DDC19787C5900CAB00E /* Products */ = {
			isa = PBXGroup;
			children = (
				6FE80DDB19787C5900CAB00E /* ios_flickr_group.app */,
				6FE80DF619787C5900CAB00E /* ios_flickr_groupTests.xctest */,
			);
			name = Products;
			sourceTree = "<group>";
		};
		6FE80DDD19787C5900CAB00E /* Frameworks */ = {
			isa = PBXGroup;
			children = (
				6FE80DDE19787C5900CAB00E /* Foundation.framework */,
				6FE80DE019787C5900CAB00E /* CoreGraphics.framework */,
				6FE80DE219787C5900CAB00E /* UIKit.framework */,
				6FE80DF719787C5900CAB00E /* XCTest.framework */,
				EA19FFBA59A5497288823F2B /* libPods.a */,
			);
			name = Frameworks;
			sourceTree = "<group>";
		};
		6FE80DE419787C5900CAB00E /* ios_flickr_group */ = {
			isa = PBXGroup;
			children = (
				3F0AEDDB197F93F800863B1E /* Utils */,
				6FE80DED19787C5900CAB00E /* AppDelegate.h */,
				6FE80DEE19787C5900CAB00E /* AppDelegate.m */,
				6FE80DF019787C5900CAB00E /* Images.xcassets */,
				6FE80DE519787C5900CAB00E /* Supporting Files */,
				159F0D2D1979EC05007930AF /* logInViewController.h */,
				159F0D2E1979EC05007930AF /* logInViewController.m */,
				159F0D2F1979EC05007930AF /* logInViewController.xib */,
				159F0D321979EC28007930AF /* myGroupsViewController.h */,
				159F0D331979EC28007930AF /* myGroupsViewController.m */,
				159F0D341979EC28007930AF /* myGroupsViewController.xib */,
				159F0D371979EC3B007930AF /* addGroupsViewController.h */,
				159F0D381979EC3B007930AF /* addGroupsViewController.m */,
				159F0D391979EC3B007930AF /* addGroupsViewController.xib */,
				159F0D3C1979EC56007930AF /* groupDetalisViewController.h */,
				159F0D3D1979EC56007930AF /* groupDetalisViewController.m */,
				159F0D3E1979EC56007930AF /* groupDetalisViewController.xib */,
				159F0D411979EC6C007930AF /* topicDetailsViewController.h */,
				159F0D421979EC6C007930AF /* topicDetailsViewController.m */,
				159F0D431979EC6C007930AF /* topicDetailsViewController.xib */,
				159F0D461979F41C007930AF /* myGroupTableViewCell.h */,
				159F0D471979F41C007930AF /* myGroupTableViewCell.m */,
				159F0D481979F41C007930AF /* myGroupTableViewCell.xib */,
				159F0D4B1979F433007930AF /* addGroupTableViewCell.h */,
				159F0D4C1979F433007930AF /* addGroupTableViewCell.m */,
				159F0D4D1979F433007930AF /* addGroupTableViewCell.xib */,
				6F648BB9197C863A0005C27C /* groupDetailsTableViewCell.h */,
				6F648BBA197C863A0005C27C /* groupDetailsTableViewCell.m */,
				6F648BBB197C863A0005C27C /* groupDetailsTableViewCell.xib */,
			);
			path = ios_flickr_group;
			sourceTree = "<group>";
		};
		6FE80DE519787C5900CAB00E /* Supporting Files */ = {
			isa = PBXGroup;
			children = (
				6FE80DE619787C5900CAB00E /* ios_flickr_group-Info.plist */,
				6FE80DE719787C5900CAB00E /* InfoPlist.strings */,
				6FE80DEA19787C5900CAB00E /* main.m */,
				6FE80DEC19787C5900CAB00E /* ios_flickr_group-Prefix.pch */,
			);
			name = "Supporting Files";
			sourceTree = "<group>";
		};
		6FE80DFD19787C5900CAB00E /* ios_flickr_groupTests */ = {
			isa = PBXGroup;
			children = (
				6FE80E0319787C5900CAB00E /* ios_flickr_groupTests.m */,
				6FE80DFE19787C5900CAB00E /* Supporting Files */,
			);
			path = ios_flickr_groupTests;
			sourceTree = "<group>";
		};
		6FE80DFE19787C5900CAB00E /* Supporting Files */ = {
			isa = PBXGroup;
			children = (
				6FE80DFF19787C5900CAB00E /* ios_flickr_groupTests-Info.plist */,
				6FE80E0019787C5900CAB00E /* InfoPlist.strings */,
			);
			name = "Supporting Files";
			sourceTree = "<group>";
		};
/* End PBXGroup section */

/* Begin PBXNativeTarget section */
		6FE80DDA19787C5900CAB00E /* ios_flickr_group */ = {
			isa = PBXNativeTarget;
			buildConfigurationList = 6FE80E0719787C5900CAB00E /* Build configuration list for PBXNativeTarget "ios_flickr_group" */;
			buildPhases = (
				5DF06FF902C14E0E82829078 /* Check Pods Manifest.lock */,
				6FE80DD719787C5900CAB00E /* Sources */,
				6FE80DD819787C5900CAB00E /* Frameworks */,
				6FE80DD919787C5900CAB00E /* Resources */,
				64FBAD3A0F054C52B0772BC0 /* Copy Pods Resources */,
			);
			buildRules = (
			);
			dependencies = (
			);
			name = ios_flickr_group;
			productName = ios_flickr_group;
			productReference = 6FE80DDB19787C5900CAB00E /* ios_flickr_group.app */;
			productType = "com.apple.product-type.application";
		};
		6FE80DF519787C5900CAB00E /* ios_flickr_groupTests */ = {
			isa = PBXNativeTarget;
			buildConfigurationList = 6FE80E0A19787C5900CAB00E /* Build configuration list for PBXNativeTarget "ios_flickr_groupTests" */;
			buildPhases = (
				6FE80DF219787C5900CAB00E /* Sources */,
				6FE80DF319787C5900CAB00E /* Frameworks */,
				6FE80DF419787C5900CAB00E /* Resources */,
			);
			buildRules = (
			);
			dependencies = (
				6FE80DFC19787C5900CAB00E /* PBXTargetDependency */,
			);
			name = ios_flickr_groupTests;
			productName = ios_flickr_groupTests;
			productReference = 6FE80DF619787C5900CAB00E /* ios_flickr_groupTests.xctest */;
			productType = "com.apple.product-type.bundle.unit-test";
		};
/* End PBXNativeTarget section */

/* Begin PBXProject section */
		6FE80DD319787C5900CAB00E /* Project object */ = {
			isa = PBXProject;
			attributes = {
				LastUpgradeCheck = 0510;
				ORGANIZATIONNAME = Yahoo;
				TargetAttributes = {
					6FE80DF519787C5900CAB00E = {
						TestTargetID = 6FE80DDA19787C5900CAB00E;
					};
				};
			};
			buildConfigurationList = 6FE80DD619787C5900CAB00E /* Build configuration list for PBXProject "ios_flickr_group" */;
			compatibilityVersion = "Xcode 3.2";
			developmentRegion = English;
			hasScannedForEncodings = 0;
			knownRegions = (
				en,
			);
			mainGroup = 6FE80DD219787C5900CAB00E;
			productRefGroup = 6FE80DDC19787C5900CAB00E /* Products */;
			projectDirPath = "";
			projectRoot = "";
			targets = (
				6FE80DDA19787C5900CAB00E /* ios_flickr_group */,
				6FE80DF519787C5900CAB00E /* ios_flickr_groupTests */,
			);
		};
/* End PBXProject section */

/* Begin PBXResourcesBuildPhase section */
		6FE80DD919787C5900CAB00E /* Resources */ = {
			isa = PBXResourcesBuildPhase;
			buildActionMask = 2147483647;
			files = (
				159F0D361979EC28007930AF /* myGroupsViewController.xib in Resources */,
				6FE80DE919787C5900CAB00E /* InfoPlist.strings in Resources */,
				159F0D451979EC6C007930AF /* topicDetailsViewController.xib in Resources */,
				159F0D311979EC05007930AF /* logInViewController.xib in Resources */,
				159F0D401979EC56007930AF /* groupDetalisViewController.xib in Resources */,
				6FE80DF119787C5900CAB00E /* Images.xcassets in Resources */,
				6F648BBD197C863A0005C27C /* groupDetailsTableViewCell.xib in Resources */,
				159F0D3B1979EC3B007930AF /* addGroupsViewController.xib in Resources */,
				159F0D4F1979F433007930AF /* addGroupTableViewCell.xib in Resources */,
				159F0D4A1979F41C007930AF /* myGroupTableViewCell.xib in Resources */,
			);
			runOnlyForDeploymentPostprocessing = 0;
		};
		6FE80DF419787C5900CAB00E /* Resources */ = {
			isa = PBXResourcesBuildPhase;
			buildActionMask = 2147483647;
			files = (
				6FE80E0219787C5900CAB00E /* InfoPlist.strings in Resources */,
			);
			runOnlyForDeploymentPostprocessing = 0;
		};
/* End PBXResourcesBuildPhase section */

/* Begin PBXShellScriptBuildPhase section */
		5DF06FF902C14E0E82829078 /* Check Pods Manifest.lock */ = {
			isa = PBXShellScriptBuildPhase;
			buildActionMask = 2147483647;
			files = (
			);
			inputPaths = (
			);
			name = "Check Pods Manifest.lock";
			outputPaths = (
			);
			runOnlyForDeploymentPostprocessing = 0;
			shellPath = /bin/sh;
			shellScript = "diff \"${PODS_ROOT}/../Podfile.lock\" \"${PODS_ROOT}/Manifest.lock\" > /dev/null\nif [[ $? != 0 ]] ; then\n    cat << EOM\nerror: The sandbox is not in sync with the Podfile.lock. Run 'pod install' or update your CocoaPods installation.\nEOM\n    exit 1\nfi\n";
			showEnvVarsInLog = 0;
		};
		64FBAD3A0F054C52B0772BC0 /* Copy Pods Resources */ = {
			isa = PBXShellScriptBuildPhase;
			buildActionMask = 2147483647;
			files = (
			);
			inputPaths = (
			);
			name = "Copy Pods Resources";
			outputPaths = (
			);
			runOnlyForDeploymentPostprocessing = 0;
			shellPath = /bin/sh;
			shellScript = "\"${SRCROOT}/Pods/Pods-resources.sh\"\n";
			showEnvVarsInLog = 0;
		};
/* End PBXShellScriptBuildPhase section */

/* Begin PBXSourcesBuildPhase section */
		6FE80DD719787C5900CAB00E /* Sources */ = {
			isa = PBXSourcesBuildPhase;
			buildActionMask = 2147483647;
			files = (
				159F0D3A1979EC3B007930AF /* addGroupsViewController.m in Sources */,
				3F0AEDDE197F96EF00863B1E /* FlickrGroupClient.m in Sources */,
				159F0D351979EC28007930AF /* myGroupsViewController.m in Sources */,
				6FE80DEF19787C5900CAB00E /* AppDelegate.m in Sources */,
				159F0D4E1979F433007930AF /* addGroupTableViewCell.m in Sources */,
				6F648BBC197C863A0005C27C /* groupDetailsTableViewCell.m in Sources */,
				159F0D301979EC05007930AF /* logInViewController.m in Sources */,
				6FE80DEB19787C5900CAB00E /* main.m in Sources */,
				159F0D441979EC6C007930AF /* topicDetailsViewController.m in Sources */,
				159F0D3F1979EC56007930AF /* groupDetalisViewController.m in Sources */,
				159F0D491979F41C007930AF /* myGroupTableViewCell.m in Sources */,
			);
			runOnlyForDeploymentPostprocessing = 0;
		};
		6FE80DF219787C5900CAB00E /* Sources */ = {
			isa = PBXSourcesBuildPhase;
			buildActionMask = 2147483647;
			files = (
				6FE80E0419787C5900CAB00E /* ios_flickr_groupTests.m in Sources */,
			);
			runOnlyForDeploymentPostprocessing = 0;
		};
/* End PBXSourcesBuildPhase section */

/* Begin PBXTargetDependency section */
		6FE80DFC19787C5900CAB00E /* PBXTargetDependency */ = {
			isa = PBXTargetDependency;
			target = 6FE80DDA19787C5900CAB00E /* ios_flickr_group */;
			targetProxy = 6FE80DFB19787C5900CAB00E /* PBXContainerItemProxy */;
		};
/* End PBXTargetDependency section */

/* Begin PBXVariantGroup section */
		6FE80DE719787C5900CAB00E /* InfoPlist.strings */ = {
			isa = PBXVariantGroup;
			children = (
				6FE80DE819787C5900CAB00E /* en */,
			);
			name = InfoPlist.strings;
			sourceTree = "<group>";
		};
		6FE80E0019787C5900CAB00E /* InfoPlist.strings */ = {
			isa = PBXVariantGroup;
			children = (
				6FE80E0119787C5900CAB00E /* en */,
			);
			name = InfoPlist.strings;
			sourceTree = "<group>";
		};
/* End PBXVariantGroup section */

/* Begin XCBuildConfiguration section */
		6FE80E0519787C5900CAB00E /* Debug */ = {
			isa = XCBuildConfiguration;
			buildSettings = {
				ALWAYS_SEARCH_USER_PATHS = NO;
				CLANG_CXX_LANGUAGE_STANDARD = "gnu++0x";
				CLANG_CXX_LIBRARY = "libc++";
				CLANG_ENABLE_MODULES = YES;
				CLANG_ENABLE_OBJC_ARC = YES;
				CLANG_WARN_BOOL_CONVERSION = YES;
				CLANG_WARN_CONSTANT_CONVERSION = YES;
				CLANG_WARN_DIRECT_OBJC_ISA_USAGE = YES_ERROR;
				CLANG_WARN_EMPTY_BODY = YES;
				CLANG_WARN_ENUM_CONVERSION = YES;
				CLANG_WARN_INT_CONVERSION = YES;
				CLANG_WARN_OBJC_ROOT_CLASS = YES_ERROR;
				CLANG_WARN__DUPLICATE_METHOD_MATCH = YES;
				"CODE_SIGN_IDENTITY[sdk=iphoneos*]" = "iPhone Developer";
				COPY_PHASE_STRIP = NO;
				GCC_C_LANGUAGE_STANDARD = gnu99;
				GCC_DYNAMIC_NO_PIC = NO;
				GCC_OPTIMIZATION_LEVEL = 0;
				GCC_PREPROCESSOR_DEFINITIONS = (
					"DEBUG=1",
					"$(inherited)",
				);
				GCC_SYMBOLS_PRIVATE_EXTERN = NO;
				GCC_WARN_64_TO_32_BIT_CONVERSION = YES;
				GCC_WARN_ABOUT_RETURN_TYPE = YES_ERROR;
				GCC_WARN_UNDECLARED_SELECTOR = YES;
				GCC_WARN_UNINITIALIZED_AUTOS = YES_AGGRESSIVE;
				GCC_WARN_UNUSED_FUNCTION = YES;
				GCC_WARN_UNUSED_VARIABLE = YES;
				IPHONEOS_DEPLOYMENT_TARGET = 7.1;
				ONLY_ACTIVE_ARCH = YES;
				SDKROOT = iphoneos;
			};
			name = Debug;
		};
		6FE80E0619787C5900CAB00E /* Release */ = {
			isa = XCBuildConfiguration;
			buildSettings = {
				ALWAYS_SEARCH_USER_PATHS = NO;
				CLANG_CXX_LANGUAGE_STANDARD = "gnu++0x";
				CLANG_CXX_LIBRARY = "libc++";
				CLANG_ENABLE_MODULES = YES;
				CLANG_ENABLE_OBJC_ARC = YES;
				CLANG_WARN_BOOL_CONVERSION = YES;
				CLANG_WARN_CONSTANT_CONVERSION = YES;
				CLANG_WARN_DIRECT_OBJC_ISA_USAGE = YES_ERROR;
				CLANG_WARN_EMPTY_BODY = YES;
				CLANG_WARN_ENUM_CONVERSION = YES;
				CLANG_WARN_INT_CONVERSION = YES;
				CLANG_WARN_OBJC_ROOT_CLASS = YES_ERROR;
				CLANG_WARN__DUPLICATE_METHOD_MATCH = YES;
				"CODE_SIGN_IDENTITY[sdk=iphoneos*]" = "iPhone Developer";
				COPY_PHASE_STRIP = YES;
				ENABLE_NS_ASSERTIONS = NO;
				GCC_C_LANGUAGE_STANDARD = gnu99;
				GCC_WARN_64_TO_32_BIT_CONVERSION = YES;
				GCC_WARN_ABOUT_RETURN_TYPE = YES_ERROR;
				GCC_WARN_UNDECLARED_SELECTOR = YES;
				GCC_WARN_UNINITIALIZED_AUTOS = YES_AGGRESSIVE;
				GCC_WARN_UNUSED_FUNCTION = YES;
				GCC_WARN_UNUSED_VARIABLE = YES;
				IPHONEOS_DEPLOYMENT_TARGET = 7.1;
				SDKROOT = iphoneos;
				VALIDATE_PRODUCT = YES;
			};
			name = Release;
		};
		6FE80E0819787C5900CAB00E /* Debug */ = {
			isa = XCBuildConfiguration;
			baseConfigurationReference = 6AEDD92094C64653849D7E00 /* Pods.xcconfig */;
			buildSettings = {
				ASSETCATALOG_COMPILER_APPICON_NAME = AppIcon;
				ASSETCATALOG_COMPILER_LAUNCHIMAGE_NAME = LaunchImage;
				GCC_PRECOMPILE_PREFIX_HEADER = YES;
				GCC_PREFIX_HEADER = "ios_flickr_group/ios_flickr_group-Prefix.pch";
				INFOPLIST_FILE = "ios_flickr_group/ios_flickr_group-Info.plist";
				PRODUCT_NAME = "$(TARGET_NAME)";
				WRAPPER_EXTENSION = app;
			};
			name = Debug;
		};
		6FE80E0919787C5900CAB00E /* Release */ = {
			isa = XCBuildConfiguration;
			baseConfigurationReference = 6AEDD92094C64653849D7E00 /* Pods.xcconfig */;
			buildSettings = {
				ASSETCATALOG_COMPILER_APPICON_NAME = AppIcon;
				ASSETCATALOG_COMPILER_LAUNCHIMAGE_NAME = LaunchImage;
				GCC_PRECOMPILE_PREFIX_HEADER = YES;
				GCC_PREFIX_HEADER = "ios_flickr_group/ios_flickr_group-Prefix.pch";
				INFOPLIST_FILE = "ios_flickr_group/ios_flickr_group-Info.plist";
				PRODUCT_NAME = "$(TARGET_NAME)";
				WRAPPER_EXTENSION = app;
			};
			name = Release;
		};
		6FE80E0B19787C5900CAB00E /* Debug */ = {
			isa = XCBuildConfiguration;
			buildSettings = {
				BUNDLE_LOADER = "$(BUILT_PRODUCTS_DIR)/ios_flickr_group.app/ios_flickr_group";
				FRAMEWORK_SEARCH_PATHS = (
					"$(SDKROOT)/Developer/Library/Frameworks",
					"$(inherited)",
					"$(DEVELOPER_FRAMEWORKS_DIR)",
				);
				GCC_PRECOMPILE_PREFIX_HEADER = YES;
				GCC_PREFIX_HEADER = "ios_flickr_group/ios_flickr_group-Prefix.pch";
				GCC_PREPROCESSOR_DEFINITIONS = (
					"DEBUG=1",
					"$(inherited)",
				);
				INFOPLIST_FILE = "ios_flickr_groupTests/ios_flickr_groupTests-Info.plist";
				PRODUCT_NAME = "$(TARGET_NAME)";
				TEST_HOST = "$(BUNDLE_LOADER)";
				WRAPPER_EXTENSION = xctest;
			};
			name = Debug;
		};
		6FE80E0C19787C5900CAB00E /* Release */ = {
			isa = XCBuildConfiguration;
			buildSettings = {
				BUNDLE_LOADER = "$(BUILT_PRODUCTS_DIR)/ios_flickr_group.app/ios_flickr_group";
				FRAMEWORK_SEARCH_PATHS = (
					"$(SDKROOT)/Developer/Library/Frameworks",
					"$(inherited)",
					"$(DEVELOPER_FRAMEWORKS_DIR)",
				);
				GCC_PRECOMPILE_PREFIX_HEADER = YES;
				GCC_PREFIX_HEADER = "ios_flickr_group/ios_flickr_group-Prefix.pch";
				INFOPLIST_FILE = "ios_flickr_groupTests/ios_flickr_groupTests-Info.plist";
				PRODUCT_NAME = "$(TARGET_NAME)";
				TEST_HOST = "$(BUNDLE_LOADER)";
				WRAPPER_EXTENSION = xctest;
			};
			name = Release;
		};
/* End XCBuildConfiguration section */

/* Begin XCConfigurationList section */
		6FE80DD619787C5900CAB00E /* Build configuration list for PBXProject "ios_flickr_group" */ = {
			isa = XCConfigurationList;
			buildConfigurations = (
				6FE80E0519787C5900CAB00E /* Debug */,
				6FE80E0619787C5900CAB00E /* Release */,
			);
			defaultConfigurationIsVisible = 0;
			defaultConfigurationName = Release;
		};
		6FE80E0719787C5900CAB00E /* Build configuration list for PBXNativeTarget "ios_flickr_group" */ = {
			isa = XCConfigurationList;
			buildConfigurations = (
				6FE80E0819787C5900CAB00E /* Debug */,
				6FE80E0919787C5900CAB00E /* Release */,
			);
			defaultConfigurationIsVisible = 0;
			defaultConfigurationName = Release;
		};
		6FE80E0A19787C5900CAB00E /* Build configuration list for PBXNativeTarget "ios_flickr_groupTests" */ = {
			isa = XCConfigurationList;
			buildConfigurations = (
				6FE80E0B19787C5900CAB00E /* Debug */,
				6FE80E0C19787C5900CAB00E /* Release */,
			);
			defaultConfigurationIsVisible = 0;
			defaultConfigurationName = Release;
		};
/* End XCConfigurationList section */
	};
	rootObject = 6FE80DD319787C5900CAB00E /* Project object */;
}
